
Microsoft Visual Studio Solution File, Format Version 12.00
# Visual Studio Version 17
VisualStudioVersion = 17.0.31903.59
MinimumVisualStudioVersion = 10.0.40219.1
Project("{2150E333-8FDC-42A3-9474-1A3956D46DE8}") = "src", "src", "{8F4E7432-87DD-4E7C-BB22-8B5090F987EC}"
EndProject
Project("{9A19103F-16F7-4668-BE54-9A1E7A4F7556}") = "CLI", "src\CLI\CLI.csproj", "{9EC3DB69-F68A-4606-AB03-216B189B94E1}"
EndProject
Project("{9A19103F-16F7-4668-BE54-9A1E7A4F7556}") = "Core", "src\Core\Core.csproj", "{40CE5C51-B6E9-437F-B510-87DBC09B5C15}"
EndProject
Project("{2150E333-8FDC-42A3-9474-1A3956D46DE8}") = "tests", "tests", "{EA10450D-ADB9-4A3A-91C2-BA7D771763BC}"
EndProject
Project("{9A19103F-16F7-4668-BE54-9A1E7A4F7556}") = "Core.Tests", "tests\Core.Tests\Core.Tests.csproj", "{9355A800-A12D-47EA-8630-32F8F9A8984E}"
EndProject
Global
	GlobalSection(SolutionConfigurationPlatforms) = preSolution
		Debug|Any CPU = Debug|Any CPU
		Release|Any CPU = Release|Any CPU
	EndGlobalSection
	GlobalSection(ProjectConfigurationPlatforms) = postSolution
		{9EC3DB69-F68A-4606-AB03-216B189B94E1}.Debug|Any CPU.ActiveCfg = Debug|Any CPU
		{9EC3DB69-F68A-4606-AB03-216B189B94E1}.Debug|Any CPU.Build.0 = Debug|Any CPU
		{9EC3DB69-F68A-4606-AB03-216B189B94E1}.Release|Any CPU.ActiveCfg = Release|Any CPU
		{9EC3DB69-F68A-4606-AB03-216B189B94E1}.Release|Any CPU.Build.0 = Release|Any CPU
		{40CE5C51-B6E9-437F-B510-87DBC09B5C15}.Debug|Any CPU.ActiveCfg = Debug|Any CPU
		{40CE5C51-B6E9-437F-B510-87DBC09B5C15}.Debug|Any CPU.Build.0 = Debug|Any CPU
		{40CE5C51-B6E9-437F-B510-87DBC09B5C15}.Release|Any CPU.ActiveCfg = Release|Any CPU
		{40CE5C51-B6E9-437F-B510-87DBC09B5C15}.Release|Any CPU.Build.0 = Release|Any CPU
		{9355A800-A12D-47EA-8630-32F8F9A8984E}.Debug|Any CPU.ActiveCfg = Debug|Any CPU
		{9355A800-A12D-47EA-8630-32F8F9A8984E}.Debug|Any CPU.Build.0 = Debug|Any CPU
		{9355A800-A12D-47EA-8630-32F8F9A8984E}.Release|Any CPU.ActiveCfg = Release|Any CPU
		{9355A800-A12D-47EA-8630-32F8F9A8984E}.Release|Any CPU.Build.0 = Release|Any CPU
	EndGlobalSection
	GlobalSection(SolutionProperties) = preSolution
		HideSolutionNode = FALSE
	EndGlobalSection
	GlobalSection(NestedProjects) = preSolution
		{9EC3DB69-F68A-4606-AB03-216B189B94E1} = {8F4E7432-87DD-4E7C-BB22-8B5090F987EC}
		{40CE5C51-B6E9-437F-B510-87DBC09B5C15} = {8F4E7432-87DD-4E7C-BB22-8B5090F987EC}
		{9355A800-A12D-47EA-8630-32F8F9A8984E} = {EA10450D-ADB9-4A3A-91C2-BA7D771763BC}
	EndGlobalSection
	GlobalSection(ExtensibilityGlobals) = postSolution
		SolutionGuid = {C66E6A1F-8E9A-486E-9665-7AC6650EB3D6}
	EndGlobalSection
EndGlobal
